// !$*UTF8*$!
{
	archiveVersion = 1;
	classes = {
	};
	objectVersion = 56;
	objects = {

/* Begin PBXBuildFile section */
		81C458722A3332EB00026C80 /* new_event_appApp.swift in Sources */ = {isa = PBXBuildFile; fileRef = 81C458712A3332EB00026C80 /* new_event_appApp.swift */; };
		81C458742A3332EB00026C80 /* ContentView.swift in Sources */ = {isa = PBXBuildFile; fileRef = 81C458732A3332EB00026C80 /* ContentView.swift */; };
		81C4589C2A33331400026C80 /* AddEvent.swift in Sources */ = {isa = PBXBuildFile; fileRef = 81C4589B2A33331400026C80 /* AddEvent.swift */; };
		81C4589E2A33334800026C80 /* AddEventController.swift in Sources */ = {isa = PBXBuildFile; fileRef = 81C4589D2A33334800026C80 /* AddEventController.swift */; };
/* End PBXBuildFile section */

/* Begin PBXContainerItemProxy section */
		81C4587F2A3332EC00026C80 /* PBXContainerItemProxy */ = {
			isa = PBXContainerItemProxy;
			containerPortal = 81C458662A3332EB00026C80 /* Project object */;
			proxyType = 1;
			remoteGlobalIDString = 81C4586D2A3332EB00026C80;
			remoteInfo = "new-event-app";
		};
		81C458892A3332EC00026C80 /* PBXContainerItemProxy */ = {
			isa = PBXContainerItemProxy;
			containerPortal = 81C458662A3332EB00026C80 /* Project object */;
			proxyType = 1;
			remoteGlobalIDString = 81C4586D2A3332EB00026C80;
			remoteInfo = "new-event-app";
		};
/* End PBXContainerItemProxy section */

/* Begin PBXFileReference section */
		81C4586E2A3332EB00026C80 /* new-event-app.app */ = {isa = PBXFileReference; explicitFileType = wrapper.application; includeInIndex = 0; path = "new-event-app.app"; sourceTree = BUILT_PRODUCTS_DIR; };
		81C458712A3332EB00026C80 /* new_event_appApp.swift */ = {isa = PBXFileReference; lastKnownFileType = sourcecode.swift; path = new_event_appApp.swift; sourceTree = "<group>"; };
		81C458732A3332EB00026C80 /* ContentView.swift */ = {isa = PBXFileReference; lastKnownFileType = sourcecode.swift; path = ContentView.swift; sourceTree = "<group>"; };
		81C4587E2A3332EC00026C80 /* new-event-appTests.xctest */ = {isa = PBXFileReference; explicitFileType = wrapper.cfbundle; includeInIndex = 0; path = "new-event-appTests.xctest"; sourceTree = BUILT_PRODUCTS_DIR; };
		81C458882A3332EC00026C80 /* new-event-appUITests.xctest */ = {isa = PBXFileReference; explicitFileType = wrapper.cfbundle; includeInIndex = 0; path = "new-event-appUITests.xctest"; sourceTree = BUILT_PRODUCTS_DIR; };
		81C4589B2A33331400026C80 /* AddEvent.swift */ = {isa = PBXFileReference; lastKnownFileType = sourcecode.swift; path = AddEvent.swift; sourceTree = "<group>"; };
		81C4589D2A33334800026C80 /* AddEventController.swift */ = {isa = PBXFileReference; lastKnownFileType = sourcecode.swift; path = AddEventController.swift; sourceTree = "<group>"; };
/* End PBXFileReference section */

/* Begin PBXFrameworksBuildPhase section */
		81C4586B2A3332EB00026C80 /* Frameworks */ = {
			isa = PBXFrameworksBuildPhase;
			buildActionMask = 2147483647;
			files = (
			);
			runOnlyForDeploymentPostprocessing = 0;
		};
		81C4587B2A3332EC00026C80 /* Frameworks */ = {
			isa = PBXFrameworksBuildPhase;
			buildActionMask = 2147483647;
			files = (
			);
			runOnlyForDeploymentPostprocessing = 0;
		};
		81C458852A3332EC00026C80 /* Frameworks */ = {
			isa = PBXFrameworksBuildPhase;
			buildActionMask = 2147483647;
			files = (
			);
			runOnlyForDeploymentPostprocessing = 0;
		};
/* End PBXFrameworksBuildPhase section */

/* Begin PBXGroup section */
		81C458652A3332EB00026C80 = {
			isa = PBXGroup;
			children = (
				81C458702A3332EB00026C80 /* new-event-app */,
				81C4586F2A3332EB00026C80 /* Products */,
			);
			sourceTree = "<group>";
		};
		81C4586F2A3332EB00026C80 /* Products */ = {
			isa = PBXGroup;
			children = (
				81C4586E2A3332EB00026C80 /* new-event-app.app */,
				81C4587E2A3332EC00026C80 /* new-event-appTests.xctest */,
				81C458882A3332EC00026C80 /* new-event-appUITests.xctest */,
			);
			name = Products;
			sourceTree = "<group>";
		};
		81C458702A3332EB00026C80 /* new-event-app */ = {
			isa = PBXGroup;
			children = (
				81C458712A3332EB00026C80 /* new_event_appApp.swift */,
				81C458732A3332EB00026C80 /* ContentView.swift */,
				81C4589B2A33331400026C80 /* AddEvent.swift */,
				81C4589D2A33334800026C80 /* AddEventController.swift */,
			);
			path = "new-event-app";
			sourceTree = "<group>";
		};
/* End PBXGroup section */

/* Begin PBXNativeTarget section */
		81C4586D2A3332EB00026C80 /* new-event-app */ = {
			isa = PBXNativeTarget;
			buildConfigurationList = 81C458922A3332EC00026C80 /* Build configuration list for PBXNativeTarget "new-event-app" */;
			buildPhases = (
				81C4586A2A3332EB00026C80 /* Sources */,
				81C4586B2A3332EB00026C80 /* Frameworks */,
				81C4586C2A3332EB00026C80 /* Resources */,
			);
			buildRules = (
			);
			dependencies = (
			);
			name = "new-event-app";
			productName = "new-event-app";
			productReference = 81C4586E2A3332EB00026C80 /* new-event-app.app */;
			productType = "com.apple.product-type.application";
		};
		81C4587D2A3332EC00026C80 /* new-event-appTests */ = {
			isa = PBXNativeTarget;
			buildConfigurationList = 81C458952A3332EC00026C80 /* Build configuration list for PBXNativeTarget "new-event-appTests" */;
			buildPhases = (
				81C4587A2A3332EC00026C80 /* Sources */,
				81C4587B2A3332EC00026C80 /* Frameworks */,
				81C4587C2A3332EC00026C80 /* Resources */,
			);
			buildRules = (
			);
			dependencies = (
				81C458802A3332EC00026C80 /* PBXTargetDependency */,
			);
			name = "new-event-appTests";
			productName = "new-event-appTests";
			productReference = 81C4587E2A3332EC00026C80 /* new-event-appTests.xctest */;
			productType = "com.apple.product-type.bundle.unit-test";
		};
		81C458872A3332EC00026C80 /* new-event-appUITests */ = {
			isa = PBXNativeTarget;
			buildConfigurationList = 81C458982A3332EC00026C80 /* Build configuration list for PBXNativeTarget "new-event-appUITests" */;
			buildPhases = (
				81C458842A3332EC00026C80 /* Sources */,
				81C458852A3332EC00026C80 /* Frameworks */,
				81C458862A3332EC00026C80 /* Resources */,
			);
			buildRules = (
			);
			dependencies = (
				81C4588A2A3332EC00026C80 /* PBXTargetDependency */,
			);
			name = "new-event-appUITests";
			productName = "new-event-appUITests";
			productReference = 81C458882A3332EC00026C80 /* new-event-appUITests.xctest */;
			productType = "com.apple.product-type.bundle.ui-testing";
		};
/* End PBXNativeTarget section */

/* Begin PBXProject section */
		81C458662A3332EB00026C80 /* Project object */ = {
			isa = PBXProject;
			attributes = {
				BuildIndependentTargetsInParallel = 1;
				LastSwiftUpdateCheck = 1420;
				LastUpgradeCheck = 1420;
				TargetAttributes = {
					81C4586D2A3332EB00026C80 = {
						CreatedOnToolsVersion = 14.2;
					};
					81C4587D2A3332EC00026C80 = {
						CreatedOnToolsVersion = 14.2;
						TestTargetID = 81C4586D2A3332EB00026C80;
					};
					81C458872A3332EC00026C80 = {
						CreatedOnToolsVersion = 14.2;
						TestTargetID = 81C4586D2A3332EB00026C80;
					};
				};
			};
			buildConfigurationList = 81C458692A3332EB00026C80 /* Build configuration list for PBXProject "new-event-app" */;
			compatibilityVersion = "Xcode 14.0";
			developmentRegion = en;
			hasScannedForEncodings = 0;
			knownRegions = (
				en,
				Base,
			);
			mainGroup = 81C458652A3332EB00026C80;
			productRefGroup = 81C4586F2A3332EB00026C80 /* Products */;
			projectDirPath = "";
			projectRoot = "";
			targets = (
				81C4586D2A3332EB00026C80 /* new-event-app */,
				81C4587D2A3332EC00026C80 /* new-event-appTests */,
				81C458872A3332EC00026C80 /* new-event-appUITests */,
			);
		};
/* End PBXProject section */

/* Begin PBXResourcesBuildPhase section */
		81C4586C2A3332EB00026C80 /* Resources */ = {
			isa = PBXResourcesBuildPhase;
			buildActionMask = 2147483647;
			files = (
			);
			runOnlyForDeploymentPostprocessing = 0;
		};
		81C4587C2A3332EC00026C80 /* Resources */ = {
			isa = PBXResourcesBuildPhase;
			buildActionMask = 2147483647;
			files = (
			);
			runOnlyForDeploymentPostprocessing = 0;
		};
		81C458862A3332EC00026C80 /* Resources */ = {
			isa = PBXResourcesBuildPhase;
			buildActionMask = 2147483647;
			files = (
			);
			runOnlyForDeploymentPostprocessing = 0;
		};
/* End PBXResourcesBuildPhase section */

/* Begin PBXSourcesBuildPhase section */
		81C4586A2A3332EB00026C80 /* Sources */ = {
			isa = PBXSourcesBuildPhase;
			buildActionMask = 2147483647;
			files = (
				81C4589C2A33331400026C80 /* AddEvent.swift in Sources */,
				81C458742A3332EB00026C80 /* ContentView.swift in Sources */,
				81C4589E2A33334800026C80 /* AddEventController.swift in Sources */,
				81C458722A3332EB00026C80 /* new_event_appApp.swift in Sources */,
			);
			runOnlyForDeploymentPostprocessing = 0;
		};
		81C4587A2A3332EC00026C80 /* Sources */ = {
			isa = PBXSourcesBuildPhase;
			buildActionMask = 2147483647;
			files = (
			);
			runOnlyForDeploymentPostprocessing = 0;
		};
		81C458842A3332EC00026C80 /* Sources */ = {
			isa = PBXSourcesBuildPhase;
			buildActionMask = 2147483647;
			files = (
			);
			runOnlyForDeploymentPostprocessing = 0;
		};
/* End PBXSourcesBuildPhase section */

/* Begin PBXTargetDependency section */
		81C458802A3332EC00026C80 /* PBXTargetDependency */ = {
			isa = PBXTargetDependency;
			target = 81C4586D2A3332EB00026C80 /* new-event-app */;
			targetProxy = 81C4587F2A3332EC00026C80 /* PBXContainerItemProxy */;
		};
		81C4588A2A3332EC00026C80 /* PBXTargetDependency */ = {
			isa = PBXTargetDependency;
			target = 81C4586D2A3332EB00026C80 /* new-event-app */;
			targetProxy = 81C458892A3332EC00026C80 /* PBXContainerItemProxy */;
		};
/* End PBXTargetDependency section */

/* Begin XCBuildConfiguration section */
		81C458902A3332EC00026C80 /* Debug */ = {
			isa = XCBuildConfiguration;
			buildSettings = {
				ALWAYS_SEARCH_USER_PATHS = NO;
				CLANG_ANALYZER_NONNULL = YES;
				CLANG_ANALYZER_NUMBER_OBJECT_CONVERSION = YES_AGGRESSIVE;
				CLANG_CXX_LANGUAGE_STANDARD = "gnu++20";
				CLANG_ENABLE_MODULES = YES;
				CLANG_ENABLE_OBJC_ARC = YES;
				CLANG_ENABLE_OBJC_WEAK = YES;
				CLANG_WARN_BLOCK_CAPTURE_AUTORELEASING = YES;
				CLANG_WARN_BOOL_CONVERSION = YES;
				CLANG_WARN_COMMA = YES;
				CLANG_WARN_CONSTANT_CONVERSION = YES;
				CLANG_WARN_DEPRECATED_OBJC_IMPLEMENTATIONS = YES;
				CLANG_WARN_DIRECT_OBJC_ISA_USAGE = YES_ERROR;
				CLANG_WARN_DOCUMENTATION_COMMENTS = YES;
				CLANG_WARN_EMPTY_BODY = YES;
				CLANG_WARN_ENUM_CONVERSION = YES;
				CLANG_WARN_INFINITE_RECURSION = YES;
				CLANG_WARN_INT_CONVERSION = YES;
				CLANG_WARN_NON_LITERAL_NULL_CONVERSION = YES;
				CLANG_WARN_OBJC_IMPLICIT_RETAIN_SELF = YES;
				CLANG_WARN_OBJC_LITERAL_CONVERSION = YES;
				CLANG_WARN_OBJC_ROOT_CLASS = YES_ERROR;
				CLANG_WARN_QUOTED_INCLUDE_IN_FRAMEWORK_HEADER = YES;
				CLANG_WARN_RANGE_LOOP_ANALYSIS = YES;
				CLANG_WARN_STRICT_PROTOTYPES = YES;
				CLANG_WARN_SUSPICIOUS_MOVE = YES;
				CLANG_WARN_UNGUARDED_AVAILABILITY = YES_AGGRESSIVE;
				CLANG_WARN_UNREACHABLE_CODE = YES;
				CLANG_WARN__DUPLICATE_METHOD_MATCH = YES;
				COPY_PHASE_STRIP = NO;
				DEBUG_INFORMATION_FORMAT = dwarf;
				ENABLE_STRICT_OBJC_MSGSEND = YES;
				ENABLE_TESTABILITY = YES;
				GCC_C_LANGUAGE_STANDARD = gnu11;
				GCC_DYNAMIC_NO_PIC = NO;
				GCC_NO_COMMON_BLOCKS = YES;
				GCC_OPTIMIZATION_LEVEL = 0;
				GCC_PREPROCESSOR_DEFINITIONS = (
					"DEBUG=1",
					"$(inherited)",
				);
				GCC_WARN_64_TO_32_BIT_CONVERSION = YES;
				GCC_WARN_ABOUT_RETURN_TYPE = YES_ERROR;
				GCC_WARN_UNDECLARED_SELECTOR = YES;
				GCC_WARN_UNINITIALIZED_AUTOS = YES_AGGRESSIVE;
				GCC_WARN_UNUSED_FUNCTION = YES;
				GCC_WARN_UNUSED_VARIABLE = YES;
				IPHONEOS_DEPLOYMENT_TARGET = 16.2;
				MTL_ENABLE_DEBUG_INFO = INCLUDE_SOURCE;
				MTL_FAST_MATH = YES;
				ONLY_ACTIVE_ARCH = YES;
				SDKROOT = iphoneos;
				SWIFT_ACTIVE_COMPILATION_CONDITIONS = DEBUG;
				SWIFT_OPTIMIZATION_LEVEL = "-Onone";
			};
			name = Debug;
		};
		81C458912A3332EC00026C80 /* Release */ = {
			isa = XCBuildConfiguration;
			buildSettings = {
				ALWAYS_SEARCH_USER_PATHS = NO;
				CLANG_ANALYZER_NONNULL = YES;
				CLANG_ANALYZER_NUMBER_OBJECT_CONVERSION = YES_AGGRESSIVE;
				CLANG_CXX_LANGUAGE_STANDARD = "gnu++20";
				CLANG_ENABLE_MODULES = YES;
				CLANG_ENABLE_OBJC_ARC = YES;
				CLANG_ENABLE_OBJC_WEAK = YES;
				CLANG_WARN_BLOCK_CAPTURE_AUTORELEASING = YES;
				CLANG_WARN_BOOL_CONVERSION = YES;
				CLANG_WARN_COMMA = YES;
				CLANG_WARN_CONSTANT_CONVERSION = YES;
				CLANG_WARN_DEPRECATED_OBJC_IMPLEMENTATIONS = YES;
				CLANG_WARN_DIRECT_OBJC_ISA_USAGE = YES_ERROR;
				CLANG_WARN_DOCUMENTATION_COMMENTS = YES;
				CLANG_WARN_EMPTY_BODY = YES;
				CLANG_WARN_ENUM_CONVERSION = YES;
				CLANG_WARN_INFINITE_RECURSION = YES;
				CLANG_WARN_INT_CONVERSION = YES;
				CLANG_WARN_NON_LITERAL_NULL_CONVERSION = YES;
				CLANG_WARN_OBJC_IMPLICIT_RETAIN_SELF = YES;
				CLANG_WARN_OBJC_LITERAL_CONVERSION = YES;
				CLANG_WARN_OBJC_ROOT_CLASS = YES_ERROR;
				CLANG_WARN_QUOTED_INCLUDE_IN_FRAMEWORK_HEADER = YES;
				CLANG_WARN_RANGE_LOOP_ANALYSIS = YES;
				CLANG_WARN_STRICT_PROTOTYPES = YES;
				CLANG_WARN_SUSPICIOUS_MOVE = YES;
				CLANG_WARN_UNGUARDED_AVAILABILITY = YES_AGGRESSIVE;
				CLANG_WARN_UNREACHABLE_CODE = YES;
				CLANG_WARN__DUPLICATE_METHOD_MATCH = YES;
				COPY_PHASE_STRIP = NO;
				DEBUG_INFORMATION_FORMAT = "dwarf-with-dsym";
				ENABLE_NS_ASSERTIONS = NO;
				ENABLE_STRICT_OBJC_MSGSEND = YES;
				GCC_C_LANGUAGE_STANDARD = gnu11;
				GCC_NO_COMMON_BLOCKS = YES;
				GCC_WARN_64_TO_32_BIT_CONVERSION = YES;
				GCC_WARN_ABOUT_RETURN_TYPE = YES_ERROR;
				GCC_WARN_UNDECLARED_SELECTOR = YES;
				GCC_WARN_UNINITIALIZED_AUTOS = YES_AGGRESSIVE;
				GCC_WARN_UNUSED_FUNCTION = YES;
				GCC_WARN_UNUSED_VARIABLE = YES;
				IPHONEOS_DEPLOYMENT_TARGET = 16.2;
				MTL_ENABLE_DEBUG_INFO = NO;
				MTL_FAST_MATH = YES;
				SDKROOT = iphoneos;
				SWIFT_COMPILATION_MODE = wholemodule;
				SWIFT_OPTIMIZATION_LEVEL = "-O";
				VALIDATE_PRODUCT = YES;
			};
			name = Release;
		};
		81C458932A3332EC00026C80 /* Debug */ = {
			isa = XCBuildConfiguration;
			buildSettings = {
				ASSETCATALOG_COMPILER_APPICON_NAME = AppIcon;
				ASSETCATALOG_COMPILER_GLOBAL_ACCENT_COLOR_NAME = AccentColor;
				CODE_SIGN_STYLE = Automatic;
				CURRENT_PROJECT_VERSION = 1;
				DEVELOPMENT_ASSET_PATHS = "\"new-event-app/Preview Content\"";
				ENABLE_PREVIEWS = YES;
				GENERATE_INFOPLIST_FILE = YES;
				INFOPLIST_KEY_NSCalendarsUsageDescription = "";
				INFOPLIST_KEY_UIApplicationSceneManifest_Generation = YES;
				INFOPLIST_KEY_UIApplicationSupportsIndirectInputEvents = YES;
				INFOPLIST_KEY_UILaunchScreen_Generation = YES;
				INFOPLIST_KEY_UISupportedInterfaceOrientations_iPad = "UIInterfaceOrientationPortrait UIInterfaceOrientationPortraitUpsideDown UIInterfaceOrientationLandscapeLeft UIInterfaceOrientationLandscapeRight";
				INFOPLIST_KEY_UISupportedInterfaceOrientations_iPhone = "UIInterfaceOrientationPortrait UIInterfaceOrientationLandscapeLeft UIInterfaceOrientationLandscapeRight";
				LD_RUNPATH_SEARCH_PATHS = (
					"$(inherited)",
					"@executable_path/Frameworks",
				);
				MARKETING_VERSION = 1.0;
				PRODUCT_BUNDLE_IDENTIFIER = "bvechiato.new-event-app";
				PRODUCT_NAME = "$(TARGET_NAME)";
				SWIFT_EMIT_LOC_STRINGS = YES;
				SWIFT_VERSION = 5.0;
				TARGETED_DEVICE_FAMILY = "1,2";
			};
			name = Debug;
		};
		81C458942A3332EC00026C80 /* Release */ = {
			isa = XCBuildConfiguration;
			buildSettings = {
				ASSETCATALOG_COMPILER_APPICON_NAME = AppIcon;
				ASSETCATALOG_COMPILER_GLOBAL_ACCENT_COLOR_NAME = AccentColor;
				CODE_SIGN_STYLE = Automatic;
				CURRENT_PROJECT_VERSION = 1;
				DEVELOPMENT_ASSET_PATHS = "\"new-event-app/Preview Content\"";
				ENABLE_PREVIEWS = YES;
				GENERATE_INFOPLIST_FILE = YES;
				INFOPLIST_KEY_NSCalendarsUsageDescription = "";
				INFOPLIST_KEY_UIApplicationSceneManifest_Generation = YES;
				INFOPLIST_KEY_UIApplicationSupportsIndirectInputEvents = YES;
				INFOPLIST_KEY_UILaunchScreen_Generation = YES;
				INFOPLIST_KEY_UISupportedInterfaceOrientations_iPad = "UIInterfaceOrientationPortrait UIInterfaceOrientationPortraitUpsideDown UIInterfaceOrientationLandscapeLeft UIInterfaceOrientationLandscapeRight";
				INFOPLIST_KEY_UISupportedInterfaceOrientations_iPhone = "UIInterfaceOrientationPortrait UIInterfaceOrientationLandscapeLeft UIInterfaceOrientationLandscapeRight";
				LD_RUNPATH_SEARCH_PATHS = (
					"$(inherited)",
					"@executable_path/Frameworks",
				);
				MARKETING_VERSION = 1.0;
				PRODUCT_BUNDLE_IDENTIFIER = "bvechiato.new-event-app";
				PRODUCT_NAME = "$(TARGET_NAME)";
				SWIFT_EMIT_LOC_STRINGS = YES;
				SWIFT_VERSION = 5.0;
				TARGETED_DEVICE_FAMILY = "1,2";
			};
			name = Release;
		};
		81C458962A3332EC00026C80 /* Debug */ = {
			isa = XCBuildConfiguration;
			buildSettings = {
				ALWAYS_EMBED_SWIFT_STANDARD_LIBRARIES = YES;
				BUNDLE_LOADER = "$(TEST_HOST)";
				CODE_SIGN_STYLE = Automatic;
				CURRENT_PROJECT_VERSION = 1;
				GENERATE_INFOPLIST_FILE = YES;
				IPHONEOS_DEPLOYMENT_TARGET = 16.2;
				MARKETING_VERSION = 1.0;
				PRODUCT_BUNDLE_IDENTIFIER = "bvechiato.new-event-appTests";
				PRODUCT_NAME = "$(TARGET_NAME)";
				SWIFT_EMIT_LOC_STRINGS = NO;
				SWIFT_VERSION = 5.0;
				TARGETED_DEVICE_FAMILY = "1,2";
				TEST_HOST = "$(BUILT_PRODUCTS_DIR)/new-event-app.app/$(BUNDLE_EXECUTABLE_FOLDER_PATH)/new-event-app";
			};
			name = Debug;
		};
		81C458972A3332EC00026C80 /* Release */ = {
			isa = XCBuildConfiguration;
			buildSettings = {
				ALWAYS_EMBED_SWIFT_STANDARD_LIBRARIES = YES;
				BUNDLE_LOADER = "$(TEST_HOST)";
				CODE_SIGN_STYLE = Automatic;
				CURRENT_PROJECT_VERSION = 1;
				GENERATE_INFOPLIST_FILE = YES;
				IPHONEOS_DEPLOYMENT_TARGET = 16.2;
				MARKETING_VERSION = 1.0;
				PRODUCT_BUNDLE_IDENTIFIER = "bvechiato.new-event-appTests";
				PRODUCT_NAME = "$(TARGET_NAME)";
				SWIFT_EMIT_LOC_STRINGS = NO;
				SWIFT_VERSION = 5.0;
				TARGETED_DEVICE_FAMILY = "1,2";
				TEST_HOST = "$(BUILT_PRODUCTS_DIR)/new-event-app.app/$(BUNDLE_EXECUTABLE_FOLDER_PATH)/new-event-app";
			};
			name = Release;
		};
		81C458992A3332EC00026C80 /* Debug */ = {
			isa = XCBuildConfiguration;
			buildSettings = {
				ALWAYS_EMBED_SWIFT_STANDARD_LIBRARIES = YES;
				CODE_SIGN_STYLE = Automatic;
				CURRENT_PROJECT_VERSION = 1;
				GENERATE_INFOPLIST_FILE = YES;
				MARKETING_VERSION = 1.0;
				PRODUCT_BUNDLE_IDENTIFIER = "bvechiato.new-event-appUITests";
				PRODUCT_NAME = "$(TARGET_NAME)";
				SWIFT_EMIT_LOC_STRINGS = NO;
				SWIFT_VERSION = 5.0;
				TARGETED_DEVICE_FAMILY = "1,2";
				TEST_TARGET_NAME = "new-event-app";
			};
			name = Debug;
		};
		81C4589A2A3332EC00026C80 /* Release */ = {
			isa = XCBuildConfiguration;
			buildSettings = {
				ALWAYS_EMBED_SWIFT_STANDARD_LIBRARIES = YES;
				CODE_SIGN_STYLE = Automatic;
				CURRENT_PROJECT_VERSION = 1;
				GENERATE_INFOPLIST_FILE = YES;
				MARKETING_VERSION = 1.0;
				PRODUCT_BUNDLE_IDENTIFIER = "bvechiato.new-event-appUITests";
				PRODUCT_NAME = "$(TARGET_NAME)";
				SWIFT_EMIT_LOC_STRINGS = NO;
				SWIFT_VERSION = 5.0;
				TARGETED_DEVICE_FAMILY = "1,2";
				TEST_TARGET_NAME = "new-event-app";
			};
			name = Release;
		};
/* End XCBuildConfiguration section */

/* Begin XCConfigurationList section */
		81C458692A3332EB00026C80 /* Build configuration list for PBXProject "new-event-app" */ = {
			isa = XCConfigurationList;
			buildConfigurations = (
				81C458902A3332EC00026C80 /* Debug */,
				81C458912A3332EC00026C80 /* Release */,
			);
			defaultConfigurationIsVisible = 0;
			defaultConfigurationName = Release;
		};
		81C458922A3332EC00026C80 /* Build configuration list for PBXNativeTarget "new-event-app" */ = {
			isa = XCConfigurationList;
			buildConfigurations = (
				81C458932A3332EC00026C80 /* Debug */,
				81C458942A3332EC00026C80 /* Release */,
			);
			defaultConfigurationIsVisible = 0;
			defaultConfigurationName = Release;
		};
		81C458952A3332EC00026C80 /* Build configuration list for PBXNativeTarget "new-event-appTests" */ = {
			isa = XCConfigurationList;
			buildConfigurations = (
				81C458962A3332EC00026C80 /* Debug */,
				81C458972A3332EC00026C80 /* Release */,
			);
			defaultConfigurationIsVisible = 0;
			defaultConfigurationName = Release;
		};
		81C458982A3332EC00026C80 /* Build configuration list for PBXNativeTarget "new-event-appUITests" */ = {
			isa = XCConfigurationList;
			buildConfigurations = (
				81C458992A3332EC00026C80 /* Debug */,
				81C4589A2A3332EC00026C80 /* Release */,
			);
			defaultConfigurationIsVisible = 0;
			defaultConfigurationName = Release;
		};
/* End XCConfigurationList section */
	};
	rootObject = 81C458662A3332EB00026C80 /* Project object */;
}
